
Microsoft Visual Studio Solution File, Format Version 12.00
# Visual Studio Version 17
VisualStudioVersion = 17.14.36109.1 d17.14
MinimumVisualStudioVersion = 10.0.40219.1
Project("{2150E333-8FDC-42A3-9474-1A3956D46DE8}") = "src", "src", "{02EA681E-C7D8-13C7-8484-4AC65E1B71E8}"
EndProject
Project("{2150E333-8FDC-42A3-9474-1A3956D46DE8}") = "Aplication Core", "Aplication Core", "{DBD92B60-74D1-46FC-BDDE-766C7CA08F40}"
EndProject
Project("{2150E333-8FDC-42A3-9474-1A3956D46DE8}") = "tests", "tests", "{C733D068-1A38-4B1C-A533-40AEB70A73E2}"
EndProject
Project("{2150E333-8FDC-42A3-9474-1A3956D46DE8}") = "Infrastructure", "Infrastructure", "{E1D98F95-BB6F-4754-A050-D8DAFDCBB96E}"
EndProject
Project("{2150E333-8FDC-42A3-9474-1A3956D46DE8}") = "User Interface", "User Interface", "{97B60B18-2565-41E9-A19C-D7AE5C490507}"
EndProject
Project("{FAE04EC0-301F-11D3-BF4B-00C04F79EFBC}") = "SIADG.Domain", "SIADG.Domain\SIADG.Domain.csproj", "{7487071E-608C-46C7-8734-E803BD8EBFC2}"
EndProject
Project("{FAE04EC0-301F-11D3-BF4B-00C04F79EFBC}") = "SIADG.Application", "SIADG.Application\SIADG.Application.csproj", "{3B0B9DC2-7B7E-439C-A798-DFBF36179943}"
EndProject
Global
	GlobalSection(SolutionConfigurationPlatforms) = preSolution
		Debug|Any CPU = Debug|Any CPU
		Release|Any CPU = Release|Any CPU
	EndGlobalSection
	GlobalSection(ProjectConfigurationPlatforms) = postSolution
		{7487071E-608C-46C7-8734-E803BD8EBFC2}.Debug|Any CPU.ActiveCfg = Debug|Any CPU
		{7487071E-608C-46C7-8734-E803BD8EBFC2}.Debug|Any CPU.Build.0 = Debug|Any CPU
		{7487071E-608C-46C7-8734-E803BD8EBFC2}.Release|Any CPU.ActiveCfg = Release|Any CPU
		{7487071E-608C-46C7-8734-E803BD8EBFC2}.Release|Any CPU.Build.0 = Release|Any CPU
		{3B0B9DC2-7B7E-439C-A798-DFBF36179943}.Debug|Any CPU.ActiveCfg = Debug|Any CPU
		{3B0B9DC2-7B7E-439C-A798-DFBF36179943}.Debug|Any CPU.Build.0 = Debug|Any CPU
		{3B0B9DC2-7B7E-439C-A798-DFBF36179943}.Release|Any CPU.ActiveCfg = Release|Any CPU
		{3B0B9DC2-7B7E-439C-A798-DFBF36179943}.Release|Any CPU.Build.0 = Release|Any CPU
	EndGlobalSection
	GlobalSection(SolutionProperties) = preSolution
		HideSolutionNode = FALSE
	EndGlobalSection
	GlobalSection(NestedProjects) = preSolution
		{DBD92B60-74D1-46FC-BDDE-766C7CA08F40} = {02EA681E-C7D8-13C7-8484-4AC65E1B71E8}
		{E1D98F95-BB6F-4754-A050-D8DAFDCBB96E} = {02EA681E-C7D8-13C7-8484-4AC65E1B71E8}
		{97B60B18-2565-41E9-A19C-D7AE5C490507} = {02EA681E-C7D8-13C7-8484-4AC65E1B71E8}
		{7487071E-608C-46C7-8734-E803BD8EBFC2} = {DBD92B60-74D1-46FC-BDDE-766C7CA08F40}
		{3B0B9DC2-7B7E-439C-A798-DFBF36179943} = {DBD92B60-74D1-46FC-BDDE-766C7CA08F40}
	EndGlobalSection
	GlobalSection(ExtensibilityGlobals) = postSolution
		SolutionGuid = {D29D7C29-8424-442C-8406-22E14AF76438}
	EndGlobalSection
EndGlobal
